// !$*UTF8*$!
{
	archiveVersion = 1;
	classes = {
	};
	objectVersion = 51;
	objects = {

/* Begin PBXBuildFile section */
		3BDAB1A5224CF54300DC1F88 /* AppDelegate.swift in Sources */ = {isa = PBXBuildFile; fileRef = 3BDAB1A4224CF54300DC1F88 /* AppDelegate.swift */; };
		3BDAB1A7224CF54300DC1F88 /* ViewController.swift in Sources */ = {isa = PBXBuildFile; fileRef = 3BDAB1A6224CF54300DC1F88 /* ViewController.swift */; };
		3BDAB1AA224CF54300DC1F88 /* Main.storyboard in Resources */ = {isa = PBXBuildFile; fileRef = 3BDAB1A8224CF54300DC1F88 /* Main.storyboard */; };
		3BDAB1AC224CF54500DC1F88 /* Assets.xcassets in Resources */ = {isa = PBXBuildFile; fileRef = 3BDAB1AB224CF54500DC1F88 /* Assets.xcassets */; };
		3BDAB1AF224CF54500DC1F88 /* LaunchScreen.storyboard in Resources */ = {isa = PBXBuildFile; fileRef = 3BDAB1AD224CF54500DC1F88 /* LaunchScreen.storyboard */; };
		3BDAB1BA224D10D600DC1F88 /* Constats.swift in Sources */ = {isa = PBXBuildFile; fileRef = 3BDAB1B9224D10D600DC1F88 /* Constats.swift */; };
		3BDAB1BD224D11F100DC1F88 /* RequestManager.swift in Sources */ = {isa = PBXBuildFile; fileRef = 3BDAB1BC224D11F000DC1F88 /* RequestManager.swift */; };
		88BA6F5B6C387A688F1BD02F /* Pods_Movies.framework in Frameworks */ = {isa = PBXBuildFile; fileRef = 5C8E1A0DFB7B9A312DB7269B /* Pods_Movies.framework */; };
/* End PBXBuildFile section */

/* Begin PBXFileReference section */
		2F917EA89323DD22075311F8 /* Pods-Movies.debug.xcconfig */ = {isa = PBXFileReference; includeInIndex = 1; lastKnownFileType = text.xcconfig; name = "Pods-Movies.debug.xcconfig"; path = "Target Support Files/Pods-Movies/Pods-Movies.debug.xcconfig"; sourceTree = "<group>"; };
		3BDAB1A1224CF54300DC1F88 /* Movies.app */ = {isa = PBXFileReference; explicitFileType = wrapper.application; includeInIndex = 0; path = Movies.app; sourceTree = BUILT_PRODUCTS_DIR; };
		3BDAB1A4224CF54300DC1F88 /* AppDelegate.swift */ = {isa = PBXFileReference; lastKnownFileType = sourcecode.swift; path = AppDelegate.swift; sourceTree = "<group>"; };
		3BDAB1A6224CF54300DC1F88 /* ViewController.swift */ = {isa = PBXFileReference; lastKnownFileType = sourcecode.swift; path = ViewController.swift; sourceTree = "<group>"; };
		3BDAB1A9224CF54300DC1F88 /* Base */ = {isa = PBXFileReference; lastKnownFileType = file.storyboard; name = Base; path = Base.lproj/Main.storyboard; sourceTree = "<group>"; };
		3BDAB1AB224CF54500DC1F88 /* Assets.xcassets */ = {isa = PBXFileReference; lastKnownFileType = folder.assetcatalog; path = Assets.xcassets; sourceTree = "<group>"; };
		3BDAB1AE224CF54500DC1F88 /* Base */ = {isa = PBXFileReference; lastKnownFileType = file.storyboard; name = Base; path = Base.lproj/LaunchScreen.storyboard; sourceTree = "<group>"; };
		3BDAB1B0224CF54500DC1F88 /* Info.plist */ = {isa = PBXFileReference; lastKnownFileType = text.plist.xml; path = Info.plist; sourceTree = "<group>"; };
		3BDAB1B9224D10D600DC1F88 /* Constats.swift */ = {isa = PBXFileReference; lastKnownFileType = sourcecode.swift; path = Constats.swift; sourceTree = "<group>"; };
		3BDAB1BC224D11F000DC1F88 /* RequestManager.swift */ = {isa = PBXFileReference; fileEncoding = 4; lastKnownFileType = sourcecode.swift; path = RequestManager.swift; sourceTree = "<group>"; };
		5C8E1A0DFB7B9A312DB7269B /* Pods_Movies.framework */ = {isa = PBXFileReference; explicitFileType = wrapper.framework; includeInIndex = 0; path = Pods_Movies.framework; sourceTree = BUILT_PRODUCTS_DIR; };
		E6FA31EFF5E29564C430608D /* Pods-Movies.release.xcconfig */ = {isa = PBXFileReference; includeInIndex = 1; lastKnownFileType = text.xcconfig; name = "Pods-Movies.release.xcconfig"; path = "Target Support Files/Pods-Movies/Pods-Movies.release.xcconfig"; sourceTree = "<group>"; };
/* End PBXFileReference section */

/* Begin PBXFrameworksBuildPhase section */
		3BDAB19E224CF54300DC1F88 /* Frameworks */ = {
			isa = PBXFrameworksBuildPhase;
			buildActionMask = 2147483647;
			files = (
				88BA6F5B6C387A688F1BD02F /* Pods_Movies.framework in Frameworks */,
			);
			runOnlyForDeploymentPostprocessing = 0;
		};
/* End PBXFrameworksBuildPhase section */

/* Begin PBXGroup section */
		3BDAB198224CF54300DC1F88 = {
			isa = PBXGroup;
			children = (
				3BDAB1A3224CF54300DC1F88 /* Movies */,
				3BDAB1A2224CF54300DC1F88 /* Products */,
				61AE8FD726DBACB727E9939E /* Pods */,
				88C74A904E212FD67076226D /* Frameworks */,
			);
			sourceTree = "<group>";
		};
		3BDAB1A2224CF54300DC1F88 /* Products */ = {
			isa = PBXGroup;
			children = (
				3BDAB1A1224CF54300DC1F88 /* Movies.app */,
			);
			name = Products;
			sourceTree = "<group>";
		};
		3BDAB1A3224CF54300DC1F88 /* Movies */ = {
			isa = PBXGroup;
			children = (
				3BDAB1B8224CF5AC00DC1F88 /* ViewControllers */,
				3BDAB1B7224CF58600DC1F88 /* Storyboards */,
				3BDAB1B6224CF55900DC1F88 /* Supporting Files */,
				3BDAB1BB224D119300DC1F88 /* General  */,
			);
			path = Movies;
			sourceTree = "<group>";
		};
		3BDAB1B6224CF55900DC1F88 /* Supporting Files */ = {
			isa = PBXGroup;
			children = (
				3BDAB1A4224CF54300DC1F88 /* AppDelegate.swift */,
				3BDAB1AB224CF54500DC1F88 /* Assets.xcassets */,
				3BDAB1B0224CF54500DC1F88 /* Info.plist */,
			);
			path = "Supporting Files";
			sourceTree = "<group>";
		};
		3BDAB1B7224CF58600DC1F88 /* Storyboards */ = {
			isa = PBXGroup;
			children = (
				3BDAB1A8224CF54300DC1F88 /* Main.storyboard */,
				3BDAB1AD224CF54500DC1F88 /* LaunchScreen.storyboard */,
			);
			path = Storyboards;
			sourceTree = "<group>";
		};
		3BDAB1B8224CF5AC00DC1F88 /* ViewControllers */ = {
			isa = PBXGroup;
			children = (
				3BDAB1A6224CF54300DC1F88 /* ViewController.swift */,
			);
			path = ViewControllers;
			sourceTree = "<group>";
		};
		3BDAB1BB224D119300DC1F88 /* General  */ = {
			isa = PBXGroup;
			children = (
				3BDAB1BC224D11F000DC1F88 /* RequestManager.swift */,
				3BDAB1B9224D10D600DC1F88 /* Constats.swift */,
			);
			path = "General ";
			sourceTree = "<group>";
		};
		61AE8FD726DBACB727E9939E /* Pods */ = {
			isa = PBXGroup;
			children = (
				2F917EA89323DD22075311F8 /* Pods-Movies.debug.xcconfig */,
				E6FA31EFF5E29564C430608D /* Pods-Movies.release.xcconfig */,
			);
			path = Pods;
			sourceTree = "<group>";
		};
		88C74A904E212FD67076226D /* Frameworks */ = {
			isa = PBXGroup;
			children = (
				5C8E1A0DFB7B9A312DB7269B /* Pods_Movies.framework */,
			);
			name = Frameworks;
			sourceTree = "<group>";
		};
/* End PBXGroup section */

/* Begin PBXNativeTarget section */
		3BDAB1A0224CF54300DC1F88 /* Movies */ = {
			isa = PBXNativeTarget;
			buildConfigurationList = 3BDAB1B3224CF54500DC1F88 /* Build configuration list for PBXNativeTarget "Movies" */;
			buildPhases = (
				C87C26CC42E06A672EE2F74D /* [CP] Check Pods Manifest.lock */,
				3BDAB19D224CF54300DC1F88 /* Sources */,
				3BDAB19E224CF54300DC1F88 /* Frameworks */,
				3BDAB19F224CF54300DC1F88 /* Resources */,
				99B50669D8A069AC280FE338 /* [CP] Embed Pods Frameworks */,
			);
			buildRules = (
			);
			dependencies = (
			);
			name = Movies;
			productName = Movies;
			productReference = 3BDAB1A1224CF54300DC1F88 /* Movies.app */;
			productType = "com.apple.product-type.application";
		};
/* End PBXNativeTarget section */

/* Begin PBXProject section */
		3BDAB199224CF54300DC1F88 /* Project object */ = {
			isa = PBXProject;
			attributes = {
				LastSwiftUpdateCheck = 1010;
				LastUpgradeCheck = 1010;
				ORGANIZATIONNAME = "mahmoud fekry";
				TargetAttributes = {
					3BDAB1A0224CF54300DC1F88 = {
						CreatedOnToolsVersion = 10.1;
					};
				};
			};
			buildConfigurationList = 3BDAB19C224CF54300DC1F88 /* Build configuration list for PBXProject "Movies" */;
			compatibilityVersion = "Xcode 9.3";
			developmentRegion = en;
			hasScannedForEncodings = 0;
			knownRegions = (
				en,
				Base,
			);
			mainGroup = 3BDAB198224CF54300DC1F88;
			productRefGroup = 3BDAB1A2224CF54300DC1F88 /* Products */;
			projectDirPath = "";
			projectRoot = "";
			targets = (
				3BDAB1A0224CF54300DC1F88 /* Movies */,
			);
		};
/* End PBXProject section */

/* Begin PBXResourcesBuildPhase section */
		3BDAB19F224CF54300DC1F88 /* Resources */ = {
			isa = PBXResourcesBuildPhase;
			buildActionMask = 2147483647;
			files = (
				3BDAB1AF224CF54500DC1F88 /* LaunchScreen.storyboard in Resources */,
				3BDAB1AC224CF54500DC1F88 /* Assets.xcassets in Resources */,
				3BDAB1AA224CF54300DC1F88 /* Main.storyboard in Resources */,
			);
			runOnlyForDeploymentPostprocessing = 0;
		};
/* End PBXResourcesBuildPhase section */

/* Begin PBXShellScriptBuildPhase section */
		99B50669D8A069AC280FE338 /* [CP] Embed Pods Frameworks */ = {
			isa = PBXShellScriptBuildPhase;
			buildActionMask = 2147483647;
			files = (
			);
			inputFileListPaths = (
				"${PODS_ROOT}/Target Support Files/Pods-Movies/Pods-Movies-frameworks-${CONFIGURATION}-input-files.xcfilelist",
			);
			name = "[CP] Embed Pods Frameworks";
			outputFileListPaths = (
				"${PODS_ROOT}/Target Support Files/Pods-Movies/Pods-Movies-frameworks-${CONFIGURATION}-output-files.xcfilelist",
			);
			runOnlyForDeploymentPostprocessing = 0;
			shellPath = /bin/sh;
			shellScript = "\"${PODS_ROOT}/Target Support Files/Pods-Movies/Pods-Movies-frameworks.sh\"\n";
			showEnvVarsInLog = 0;
		};
		C87C26CC42E06A672EE2F74D /* [CP] Check Pods Manifest.lock */ = {
			isa = PBXShellScriptBuildPhase;
			buildActionMask = 2147483647;
			files = (
			);
			inputFileListPaths = (
			);
			inputPaths = (
				"${PODS_PODFILE_DIR_PATH}/Podfile.lock",
				"${PODS_ROOT}/Manifest.lock",
			);
			name = "[CP] Check Pods Manifest.lock";
			outputFileListPaths = (
			);
			outputPaths = (
				"$(DERIVED_FILE_DIR)/Pods-Movies-checkManifestLockResult.txt",
			);
			runOnlyForDeploymentPostprocessing = 0;
			shellPath = /bin/sh;
			shellScript = "diff \"${PODS_PODFILE_DIR_PATH}/Podfile.lock\" \"${PODS_ROOT}/Manifest.lock\" > /dev/null\nif [ $? != 0 ] ; then\n    # print error to STDERR\n    echo \"error: The sandbox is not in sync with the Podfile.lock. Run 'pod install' or update your CocoaPods installation.\" >&2\n    exit 1\nfi\n# This output is used by Xcode 'outputs' to avoid re-running this script phase.\necho \"SUCCESS\" > \"${SCRIPT_OUTPUT_FILE_0}\"\n";
			showEnvVarsInLog = 0;
		};
/* End PBXShellScriptBuildPhase section */

/* Begin PBXSourcesBuildPhase section */
		3BDAB19D224CF54300DC1F88 /* Sources */ = {
			isa = PBXSourcesBuildPhase;
			buildActionMask = 2147483647;
			files = (
				3BDAB1A7224CF54300DC1F88 /* ViewController.swift in Sources */,
				3BDAB1BA224D10D600DC1F88 /* Constats.swift in Sources */,
				3BDAB1A5224CF54300DC1F88 /* AppDelegate.swift in Sources */,
				3BDAB1BD224D11F100DC1F88 /* RequestManager.swift in Sources */,
			);
			runOnlyForDeploymentPostprocessing = 0;
		};
/* End PBXSourcesBuildPhase section */

/* Begin PBXVariantGroup section */
		3BDAB1A8224CF54300DC1F88 /* Main.storyboard */ = {
			isa = PBXVariantGroup;
			children = (
				3BDAB1A9224CF54300DC1F88 /* Base */,
			);
			name = Main.storyboard;
			sourceTree = "<group>";
		};
		3BDAB1AD224CF54500DC1F88 /* LaunchScreen.storyboard */ = {
			isa = PBXVariantGroup;
			children = (
				3BDAB1AE224CF54500DC1F88 /* Base */,
			);
			name = LaunchScreen.storyboard;
			sourceTree = "<group>";
		};
/* End PBXVariantGroup section */

/* Begin XCBuildConfiguration section */
		3BDAB1B1224CF54500DC1F88 /* Debug */ = {
			isa = XCBuildConfiguration;
			buildSettings = {
				ALWAYS_SEARCH_USER_PATHS = NO;
				CLANG_ANALYZER_NONNULL = YES;
				CLANG_ANALYZER_NUMBER_OBJECT_CONVERSION = YES_AGGRESSIVE;
				CLANG_CXX_LANGUAGE_STANDARD = "gnu++14";
				CLANG_CXX_LIBRARY = "libc++";
				CLANG_ENABLE_MODULES = YES;
				CLANG_ENABLE_OBJC_ARC = YES;
				CLANG_ENABLE_OBJC_WEAK = YES;
				CLANG_WARN_BLOCK_CAPTURE_AUTORELEASING = YES;
				CLANG_WARN_BOOL_CONVERSION = YES;
				CLANG_WARN_COMMA = YES;
				CLANG_WARN_CONSTANT_CONVERSION = YES;
				CLANG_WARN_DEPRECATED_OBJC_IMPLEMENTATIONS = YES;
				CLANG_WARN_DIRECT_OBJC_ISA_USAGE = YES_ERROR;
				CLANG_WARN_DOCUMENTATION_COMMENTS = YES;
				CLANG_WARN_EMPTY_BODY = YES;
				CLANG_WARN_ENUM_CONVERSION = YES;
				CLANG_WARN_INFINITE_RECURSION = YES;
				CLANG_WARN_INT_CONVERSION = YES;
				CLANG_WARN_NON_LITERAL_NULL_CONVERSION = YES;
				CLANG_WARN_OBJC_IMPLICIT_RETAIN_SELF = YES;
				CLANG_WARN_OBJC_LITERAL_CONVERSION = YES;
				CLANG_WARN_OBJC_ROOT_CLASS = YES_ERROR;
				CLANG_WARN_RANGE_LOOP_ANALYSIS = YES;
				CLANG_WARN_STRICT_PROTOTYPES = YES;
				CLANG_WARN_SUSPICIOUS_MOVE = YES;
				CLANG_WARN_UNGUARDED_AVAILABILITY = YES_AGGRESSIVE;
				CLANG_WARN_UNREACHABLE_CODE = YES;
				CLANG_WARN__DUPLICATE_METHOD_MATCH = YES;
				CODE_SIGN_IDENTITY = "iPhone Developer";
				COPY_PHASE_STRIP = NO;
				DEBUG_INFORMATION_FORMAT = dwarf;
				ENABLE_STRICT_OBJC_MSGSEND = YES;
				ENABLE_TESTABILITY = YES;
				GCC_C_LANGUAGE_STANDARD = gnu11;
				GCC_DYNAMIC_NO_PIC = NO;
				GCC_NO_COMMON_BLOCKS = YES;
				GCC_OPTIMIZATION_LEVEL = 0;
				GCC_PREPROCESSOR_DEFINITIONS = (
					"DEBUG=1",
					"$(inherited)",
				);
				GCC_WARN_64_TO_32_BIT_CONVERSION = YES;
				GCC_WARN_ABOUT_RETURN_TYPE = YES_ERROR;
				GCC_WARN_UNDECLARED_SELECTOR = YES;
				GCC_WARN_UNINITIALIZED_AUTOS = YES_AGGRESSIVE;
				GCC_WARN_UNUSED_FUNCTION = YES;
				GCC_WARN_UNUSED_VARIABLE = YES;
				IPHONEOS_DEPLOYMENT_TARGET = 11.0;
				MTL_ENABLE_DEBUG_INFO = INCLUDE_SOURCE;
				MTL_FAST_MATH = YES;
				ONLY_ACTIVE_ARCH = YES;
				SDKROOT = iphoneos;
				SWIFT_ACTIVE_COMPILATION_CONDITIONS = DEBUG;
				SWIFT_OPTIMIZATION_LEVEL = "-Onone";
			};
			name = Debug;
		};
		3BDAB1B2224CF54500DC1F88 /* Release */ = {
			isa = XCBuildConfiguration;
			buildSettings = {
				ALWAYS_SEARCH_USER_PATHS = NO;
				CLANG_ANALYZER_NONNULL = YES;
				CLANG_ANALYZER_NUMBER_OBJECT_CONVERSION = YES_AGGRESSIVE;
				CLANG_CXX_LANGUAGE_STANDARD = "gnu++14";
				CLANG_CXX_LIBRARY = "libc++";
				CLANG_ENABLE_MODULES = YES;
				CLANG_ENABLE_OBJC_ARC = YES;
				CLANG_ENABLE_OBJC_WEAK = YES;
				CLANG_WARN_BLOCK_CAPTURE_AUTORELEASING = YES;
				CLANG_WARN_BOOL_CONVERSION = YES;
				CLANG_WARN_COMMA = YES;
				CLANG_WARN_CONSTANT_CONVERSION = YES;
				CLANG_WARN_DEPRECATED_OBJC_IMPLEMENTATIONS = YES;
				CLANG_WARN_DIRECT_OBJC_ISA_USAGE = YES_ERROR;
				CLANG_WARN_DOCUMENTATION_COMMENTS = YES;
				CLANG_WARN_EMPTY_BODY = YES;
				CLANG_WARN_ENUM_CONVERSION = YES;
				CLANG_WARN_INFINITE_RECURSION = YES;
				CLANG_WARN_INT_CONVERSION = YES;
				CLANG_WARN_NON_LITERAL_NULL_CONVERSION = YES;
				CLANG_WARN_OBJC_IMPLICIT_RETAIN_SELF = YES;
				CLANG_WARN_OBJC_LITERAL_CONVERSION = YES;
				CLANG_WARN_OBJC_ROOT_CLASS = YES_ERROR;
				CLANG_WARN_RANGE_LOOP_ANALYSIS = YES;
				CLANG_WARN_STRICT_PROTOTYPES = YES;
				CLANG_WARN_SUSPICIOUS_MOVE = YES;
				CLANG_WARN_UNGUARDED_AVAILABILITY = YES_AGGRESSIVE;
				CLANG_WARN_UNREACHABLE_CODE = YES;
				CLANG_WARN__DUPLICATE_METHOD_MATCH = YES;
				CODE_SIGN_IDENTITY = "iPhone Developer";
				COPY_PHASE_STRIP = NO;
				DEBUG_INFORMATION_FORMAT = "dwarf-with-dsym";
				ENABLE_NS_ASSERTIONS = NO;
				ENABLE_STRICT_OBJC_MSGSEND = YES;
				GCC_C_LANGUAGE_STANDARD = gnu11;
				GCC_NO_COMMON_BLOCKS = YES;
				GCC_WARN_64_TO_32_BIT_CONVERSION = YES;
				GCC_WARN_ABOUT_RETURN_TYPE = YES_ERROR;
				GCC_WARN_UNDECLARED_SELECTOR = YES;
				GCC_WARN_UNINITIALIZED_AUTOS = YES_AGGRESSIVE;
				GCC_WARN_UNUSED_FUNCTION = YES;
				GCC_WARN_UNUSED_VARIABLE = YES;
				IPHONEOS_DEPLOYMENT_TARGET = 11.0;
				MTL_ENABLE_DEBUG_INFO = NO;
				MTL_FAST_MATH = YES;
				SDKROOT = iphoneos;
				SWIFT_COMPILATION_MODE = wholemodule;
				SWIFT_OPTIMIZATION_LEVEL = "-O";
				VALIDATE_PRODUCT = YES;
			};
			name = Release;
		};
		3BDAB1B4224CF54500DC1F88 /* Debug */ = {
			isa = XCBuildConfiguration;
			baseConfigurationReference = 2F917EA89323DD22075311F8 /* Pods-Movies.debug.xcconfig */;
			buildSettings = {
				ASSETCATALOG_COMPILER_APPICON_NAME = AppIcon;
				CODE_SIGN_STYLE = Automatic;
				DEVELOPMENT_TEAM = 2PAX8MDT7H;
				INFOPLIST_FILE = "$(SRCROOT)/Movies/Supporting Files/Info.plist";
				IPHONEOS_DEPLOYMENT_TARGET = 11.0;
				LD_RUNPATH_SEARCH_PATHS = (
					"$(inherited)",
					"@executable_path/Frameworks",
				);
				PRODUCT_BUNDLE_IDENTIFIER = com.Movies;
				PRODUCT_NAME = "$(TARGET_NAME)";
				SWIFT_VERSION = 4.2;
				TARGETED_DEVICE_FAMILY = "1,2";
			};
			name = Debug;
		};
		3BDAB1B5224CF54500DC1F88 /* Release */ = {
			isa = XCBuildConfiguration;
			baseConfigurationReference = E6FA31EFF5E29564C430608D /* Pods-Movies.release.xcconfig */;
			buildSettings = {
				ASSETCATALOG_COMPILER_APPICON_NAME = AppIcon;
				CODE_SIGN_STYLE = Automatic;
				DEVELOPMENT_TEAM = 2PAX8MDT7H;
				INFOPLIST_FILE = "$(SRCROOT)/Movies/Supporting Files/Info.plist";
				IPHONEOS_DEPLOYMENT_TARGET = 11.0;
				LD_RUNPATH_SEARCH_PATHS = (
					"$(inherited)",
					"@executable_path/Frameworks",
				);
				PRODUCT_BUNDLE_IDENTIFIER = com.Movies;
				PRODUCT_NAME = "$(TARGET_NAME)";
				SWIFT_VERSION = 4.2;
				TARGETED_DEVICE_FAMILY = "1,2";
			};
			name = Release;
		};
/* End XCBuildConfiguration section */

/* Begin XCConfigurationList section */
		3BDAB19C224CF54300DC1F88 /* Build configuration list for PBXProject "Movies" */ = {
			isa = XCConfigurationList;
			buildConfigurations = (
				3BDAB1B1224CF54500DC1F88 /* Debug */,
				3BDAB1B2224CF54500DC1F88 /* Release */,
			);
			defaultConfigurationIsVisible = 0;
			defaultConfigurationName = Release;
		};
		3BDAB1B3224CF54500DC1F88 /* Build configuration list for PBXNativeTarget "Movies" */ = {
			isa = XCConfigurationList;
			buildConfigurations = (
				3BDAB1B4224CF54500DC1F88 /* Debug */,
				3BDAB1B5224CF54500DC1F88 /* Release */,
			);
			defaultConfigurationIsVisible = 0;
			defaultConfigurationName = Release;
		};
/* End XCConfigurationList section */
	};
	rootObject = 3BDAB199224CF54300DC1F88 /* Project object */;
}
